
Microsoft Visual Studio Solution File, Format Version 12.00
# Visual Studio Version 17
VisualStudioVersion = 17.3.32929.385
MinimumVisualStudioVersion = 10.0.40219.1
Project("{9A19103F-16F7-4668-BE54-9A1E7A4F7556}") = "Qatar2022", "Qatar2022.csproj", "{4D5F95B8-7E4D-4474-AD94-EEA0BAE57D63}"
EndProject
Project("{9A19103F-16F7-4668-BE54-9A1E7A4F7556}") = "Dominio", "..\Dominio\Dominio.csproj", "{34CADC4F-6D58-44E9-B774-0DB6209FC0A4}"
EndProject
Project("{FAE04EC0-301F-11D3-BF4B-00C04F79EFBC}") = "WebQatar", "..\WebQatar\WebQatar.csproj", "{4CFD020F-E846-4848-B9E8-1381416FEFB5}"
EndProject
Global
	GlobalSection(SolutionConfigurationPlatforms) = preSolution
		Debug|Any CPU = Debug|Any CPU
		Release|Any CPU = Release|Any CPU
	EndGlobalSection
	GlobalSection(ProjectConfigurationPlatforms) = postSolution
		{4D5F95B8-7E4D-4474-AD94-EEA0BAE57D63}.Debug|Any CPU.ActiveCfg = Debug|Any CPU
		{4D5F95B8-7E4D-4474-AD94-EEA0BAE57D63}.Debug|Any CPU.Build.0 = Debug|Any CPU
		{4D5F95B8-7E4D-4474-AD94-EEA0BAE57D63}.Release|Any CPU.ActiveCfg = Release|Any CPU
		{4D5F95B8-7E4D-4474-AD94-EEA0BAE57D63}.Release|Any CPU.Build.0 = Release|Any CPU
		{34CADC4F-6D58-44E9-B774-0DB6209FC0A4}.Debug|Any CPU.ActiveCfg = Debug|Any CPU
		{34CADC4F-6D58-44E9-B774-0DB6209FC0A4}.Debug|Any CPU.Build.0 = Debug|Any CPU
		{34CADC4F-6D58-44E9-B774-0DB6209FC0A4}.Release|Any CPU.ActiveCfg = Release|Any CPU
		{34CADC4F-6D58-44E9-B774-0DB6209FC0A4}.Release|Any CPU.Build.0 = Release|Any CPU
		{4CFD020F-E846-4848-B9E8-1381416FEFB5}.Debug|Any CPU.ActiveCfg = Debug|Any CPU
		{4CFD020F-E846-4848-B9E8-1381416FEFB5}.Debug|Any CPU.Build.0 = Debug|Any CPU
		{4CFD020F-E846-4848-B9E8-1381416FEFB5}.Release|Any CPU.ActiveCfg = Release|Any CPU
		{4CFD020F-E846-4848-B9E8-1381416FEFB5}.Release|Any CPU.Build.0 = Release|Any CPU
	EndGlobalSection
	GlobalSection(SolutionProperties) = preSolution
		HideSolutionNode = FALSE
	EndGlobalSection
	GlobalSection(ExtensibilityGlobals) = postSolution
		SolutionGuid = {07DB6FF8-BE86-4CA4-A3AA-6BEA13B78AF4}
	EndGlobalSection
EndGlobal
